
Microsoft Visual Studio Solution File, Format Version 12.00
# Visual Studio Version 16
VisualStudioVersion = 16.0.28729.10
MinimumVisualStudioVersion = 10.0.40219.1
Project("{FAE04EC0-301F-11D3-BF4B-00C04F79EFBC}") = "encapsulation01", "encapsulation01\encapsulation01.csproj", "{8E5F6F58-15A7-4A53-93B7-B280FC4ED0DC}"
EndProject
Project("{FAE04EC0-301F-11D3-BF4B-00C04F79EFBC}") = "enc02", "enc02\enc02.csproj", "{0D487F15-82AB-4FAE-AD54-8EB888772B57}"
EndProject
Project("{FAE04EC0-301F-11D3-BF4B-00C04F79EFBC}") = "encP2T1", "enc03\encP2T1.csproj", "{46A6BB2F-FB44-426A-8054-BDC6936DEE51}"
EndProject
Project("{FAE04EC0-301F-11D3-BF4B-00C04F79EFBC}") = "encP2T2", "encP2T2\encP2T2.csproj", "{8F4CD48D-E821-4317-9F18-D67AAD2F841D}"
EndProject
Global
	GlobalSection(SolutionConfigurationPlatforms) = preSolution
		Debug|Any CPU = Debug|Any CPU
		Release|Any CPU = Release|Any CPU
	EndGlobalSection
	GlobalSection(ProjectConfigurationPlatforms) = postSolution
		{8E5F6F58-15A7-4A53-93B7-B280FC4ED0DC}.Debug|Any CPU.ActiveCfg = Debug|Any CPU
		{8E5F6F58-15A7-4A53-93B7-B280FC4ED0DC}.Debug|Any CPU.Build.0 = Debug|Any CPU
		{8E5F6F58-15A7-4A53-93B7-B280FC4ED0DC}.Release|Any CPU.ActiveCfg = Release|Any CPU
		{8E5F6F58-15A7-4A53-93B7-B280FC4ED0DC}.Release|Any CPU.Build.0 = Release|Any CPU
		{0D487F15-82AB-4FAE-AD54-8EB888772B57}.Debug|Any CPU.ActiveCfg = Debug|Any CPU
		{0D487F15-82AB-4FAE-AD54-8EB888772B57}.Debug|Any CPU.Build.0 = Debug|Any CPU
		{0D487F15-82AB-4FAE-AD54-8EB888772B57}.Release|Any CPU.ActiveCfg = Release|Any CPU
		{0D487F15-82AB-4FAE-AD54-8EB888772B57}.Release|Any CPU.Build.0 = Release|Any CPU
		{46A6BB2F-FB44-426A-8054-BDC6936DEE51}.Debug|Any CPU.ActiveCfg = Debug|Any CPU
		{46A6BB2F-FB44-426A-8054-BDC6936DEE51}.Debug|Any CPU.Build.0 = Debug|Any CPU
		{46A6BB2F-FB44-426A-8054-BDC6936DEE51}.Release|Any CPU.ActiveCfg = Release|Any CPU
		{46A6BB2F-FB44-426A-8054-BDC6936DEE51}.Release|Any CPU.Build.0 = Release|Any CPU
		{8F4CD48D-E821-4317-9F18-D67AAD2F841D}.Debug|Any CPU.ActiveCfg = Debug|Any CPU
		{8F4CD48D-E821-4317-9F18-D67AAD2F841D}.Debug|Any CPU.Build.0 = Debug|Any CPU
		{8F4CD48D-E821-4317-9F18-D67AAD2F841D}.Release|Any CPU.ActiveCfg = Release|Any CPU
		{8F4CD48D-E821-4317-9F18-D67AAD2F841D}.Release|Any CPU.Build.0 = Release|Any CPU
	EndGlobalSection
	GlobalSection(SolutionProperties) = preSolution
		HideSolutionNode = FALSE
	EndGlobalSection
	GlobalSection(ExtensibilityGlobals) = postSolution
		SolutionGuid = {F90D497B-0368-4484-BE12-88AB0ADC356C}
	EndGlobalSection
EndGlobal
